// !$*UTF8*$!
{
	archiveVersion = 1;
	classes = {
	};
	objectVersion = 55;
	objects = {

/* Begin PBXBuildFile section */
		003852B729E3E405004FA967 /* client_760406798747-pdc0c8h325q2450jigeimtqupcbe0ahg.apps.googleusercontent.com.plist in Resources */ = {isa = PBXBuildFile; fileRef = 003852B629E3E405004FA967 /* client_760406798747-pdc0c8h325q2450jigeimtqupcbe0ahg.apps.googleusercontent.com.plist */; };
		003852BF29E40FB1004FA967 /* GoogleSignInModel.swift in Sources */ = {isa = PBXBuildFile; fileRef = 003852BE29E40FB1004FA967 /* GoogleSignInModel.swift */; };
		003852C229E439BE004FA967 /* MenuItem.swift in Sources */ = {isa = PBXBuildFile; fileRef = 003852C129E439BE004FA967 /* MenuItem.swift */; };
		003852E929E5599F004FA967 /* MainTabBar.swift in Sources */ = {isa = PBXBuildFile; fileRef = 003852E829E5599E004FA967 /* MainTabBar.swift */; };
		003852F029E5A688004FA967 /* Category.swift in Sources */ = {isa = PBXBuildFile; fileRef = 003852EF29E5A688004FA967 /* Category.swift */; };
		003852F229E5ADFA004FA967 /* FirestoreManager.swift in Sources */ = {isa = PBXBuildFile; fileRef = 003852F129E5ADFA004FA967 /* FirestoreManager.swift */; };
		00565A5A29EAA3CB001D9DC5 /* CompositionalLayout.swift in Sources */ = {isa = PBXBuildFile; fileRef = 00565A5929EAA3CB001D9DC5 /* CompositionalLayout.swift */; };
		00565A5C29EAA67F001D9DC5 /* SectionDecorationView.swift in Sources */ = {isa = PBXBuildFile; fileRef = 00565A5B29EAA67F001D9DC5 /* SectionDecorationView.swift */; };
		00565A5E29EAA800001D9DC5 /* BannerCell.swift in Sources */ = {isa = PBXBuildFile; fileRef = 00565A5D29EAA800001D9DC5 /* BannerCell.swift */; };
		00565A6029EAAAFC001D9DC5 /* CategoriesCell.swift in Sources */ = {isa = PBXBuildFile; fileRef = 00565A5F29EAAAFC001D9DC5 /* CategoriesCell.swift */; };
		00565A6229EAACD0001D9DC5 /* AllDishesCell.swift in Sources */ = {isa = PBXBuildFile; fileRef = 00565A6129EAACD0001D9DC5 /* AllDishesCell.swift */; };
		00565A6429EAC2C9001D9DC5 /* CategoriesHeader.swift in Sources */ = {isa = PBXBuildFile; fileRef = 00565A6329EAC2C9001D9DC5 /* CategoriesHeader.swift */; };
		00565A6629EACED5001D9DC5 /* AllDishesHeader.swift in Sources */ = {isa = PBXBuildFile; fileRef = 00565A6529EACED5001D9DC5 /* AllDishesHeader.swift */; };
		00565A6C29EADE56001D9DC5 /* ReservationViewController.swift in Sources */ = {isa = PBXBuildFile; fileRef = 00565A6B29EADE56001D9DC5 /* ReservationViewController.swift */; };
		00565A7229EADEA8001D9DC5 /* CartViewController.swift in Sources */ = {isa = PBXBuildFile; fileRef = 00565A7129EADEA8001D9DC5 /* CartViewController.swift */; };
		00565A7829EADEEF001D9DC5 /* AccountViewController.swift in Sources */ = {isa = PBXBuildFile; fileRef = 00565A7729EADEEF001D9DC5 /* AccountViewController.swift */; };
		00565A7A29EC2DD6001D9DC5 /* StorageManager.swift in Sources */ = {isa = PBXBuildFile; fileRef = 00565A7929EC2DD5001D9DC5 /* StorageManager.swift */; };
		009F780529DD0E2300A54837 /* AppDelegate.swift in Sources */ = {isa = PBXBuildFile; fileRef = 009F780429DD0E2300A54837 /* AppDelegate.swift */; };
		009F780729DD0E2300A54837 /* SceneDelegate.swift in Sources */ = {isa = PBXBuildFile; fileRef = 009F780629DD0E2300A54837 /* SceneDelegate.swift */; };
		009F780929DD0E2300A54837 /* LoginViewController.swift in Sources */ = {isa = PBXBuildFile; fileRef = 009F780829DD0E2300A54837 /* LoginViewController.swift */; };
		009F780C29DD0E2300A54837 /* Main.storyboard in Resources */ = {isa = PBXBuildFile; fileRef = 009F780A29DD0E2300A54837 /* Main.storyboard */; };
		009F780E29DD0E2700A54837 /* Assets.xcassets in Resources */ = {isa = PBXBuildFile; fileRef = 009F780D29DD0E2700A54837 /* Assets.xcassets */; };
		009F781129DD0E2700A54837 /* LaunchScreen.storyboard in Resources */ = {isa = PBXBuildFile; fileRef = 009F780F29DD0E2700A54837 /* LaunchScreen.storyboard */; };
		00B14B7E29DF47ED0059CD83 /* UILabelHelper.swift in Sources */ = {isa = PBXBuildFile; fileRef = 00B14B7D29DF47ED0059CD83 /* UILabelHelper.swift */; };
		00B14B8029DFB4AF0059CD83 /* UITextFieldHelper.swift in Sources */ = {isa = PBXBuildFile; fileRef = 00B14B7F29DFB4AF0059CD83 /* UITextFieldHelper.swift */; };
		00B14B8229DFB5DA0059CD83 /* UIStackViewHelper.swift in Sources */ = {isa = PBXBuildFile; fileRef = 00B14B8129DFB5DA0059CD83 /* UIStackViewHelper.swift */; };
		00B14B8429DFC0620059CD83 /* UIButtonHelper.swift in Sources */ = {isa = PBXBuildFile; fileRef = 00B14B8329DFC0620059CD83 /* UIButtonHelper.swift */; };
		00B14B8829DFEE430059CD83 /* UIImageViewHelpler.swift in Sources */ = {isa = PBXBuildFile; fileRef = 00B14B8729DFEE430059CD83 /* UIImageViewHelpler.swift */; };
		00F1473529E01E9200B50B15 /* GoogleService-Info.plist in Resources */ = {isa = PBXBuildFile; fileRef = 00F1473429E01E9200B50B15 /* GoogleService-Info.plist */; };
		00F1473729E0301000B50B15 /* Pods_ReservationApp.framework in Frameworks */ = {isa = PBXBuildFile; fileRef = 70BFE10C5125D5D43849BA34 /* Pods_ReservationApp.framework */; };
		00F1474429E03DE400B50B15 /* LoginViewModel.swift in Sources */ = {isa = PBXBuildFile; fileRef = 00F1474329E03DE400B50B15 /* LoginViewModel.swift */; };
		00F1474829E04A4C00B50B15 /* Users.swift in Sources */ = {isa = PBXBuildFile; fileRef = 00F1474729E04A4C00B50B15 /* Users.swift */; };
		00F1474F29E12C3C00B50B15 /* AuthManager.swift in Sources */ = {isa = PBXBuildFile; fileRef = 00F1474E29E12C3C00B50B15 /* AuthManager.swift */; };
		00F1475129E12ECD00B50B15 /* RegistrationViewController.swift in Sources */ = {isa = PBXBuildFile; fileRef = 00F1475029E12ECD00B50B15 /* RegistrationViewController.swift */; };
		00F1475329E1434F00B50B15 /* RegistrationViewModel.swift in Sources */ = {isa = PBXBuildFile; fileRef = 00F1475229E1434F00B50B15 /* RegistrationViewModel.swift */; };
		00F1475D29E185C300B50B15 /* MenuViewController.swift in Sources */ = {isa = PBXBuildFile; fileRef = 00F1475C29E185C200B50B15 /* MenuViewController.swift */; };
		00F1476529E190BA00B50B15 /* MenuViewModel.swift in Sources */ = {isa = PBXBuildFile; fileRef = 00F1476429E190BA00B50B15 /* MenuViewModel.swift */; };
		00F1476929E1926700B50B15 /* UIViewHelper.swift in Sources */ = {isa = PBXBuildFile; fileRef = 00F1476829E1926700B50B15 /* UIViewHelper.swift */; };
		00F1476B29E1A0BE00B50B15 /* OnboardingViewController.swift in Sources */ = {isa = PBXBuildFile; fileRef = 00F1476A29E1A0BE00B50B15 /* OnboardingViewController.swift */; };
/* End PBXBuildFile section */

/* Begin PBXFileReference section */
		003852B629E3E405004FA967 /* client_760406798747-pdc0c8h325q2450jigeimtqupcbe0ahg.apps.googleusercontent.com.plist */ = {isa = PBXFileReference; fileEncoding = 4; lastKnownFileType = text.plist.xml; path = "client_760406798747-pdc0c8h325q2450jigeimtqupcbe0ahg.apps.googleusercontent.com.plist"; sourceTree = "<group>"; };
		003852BE29E40FB1004FA967 /* GoogleSignInModel.swift */ = {isa = PBXFileReference; lastKnownFileType = sourcecode.swift; name = GoogleSignInModel.swift; path = ReservationApp/Utilities/GoogleSignInModel.swift; sourceTree = SOURCE_ROOT; };
		003852C129E439BE004FA967 /* MenuItem.swift */ = {isa = PBXFileReference; lastKnownFileType = sourcecode.swift; name = MenuItem.swift; path = ReservationApp/Utilities/MenuItem.swift; sourceTree = SOURCE_ROOT; };
		003852E829E5599E004FA967 /* MainTabBar.swift */ = {isa = PBXFileReference; lastKnownFileType = sourcecode.swift; path = MainTabBar.swift; sourceTree = "<group>"; };
		003852EF29E5A688004FA967 /* Category.swift */ = {isa = PBXFileReference; lastKnownFileType = sourcecode.swift; name = Category.swift; path = ReservationApp/MenuModule/View/Cells/CollectionCell/Category.swift; sourceTree = SOURCE_ROOT; };
		003852F129E5ADFA004FA967 /* FirestoreManager.swift */ = {isa = PBXFileReference; lastKnownFileType = sourcecode.swift; path = FirestoreManager.swift; sourceTree = "<group>"; };
		00565A4D29E6B963001D9DC5 /* GoogleSignIn.framework */ = {isa = PBXFileReference; explicitFileType = wrapper.framework; path = GoogleSignIn.framework; sourceTree = BUILT_PRODUCTS_DIR; };
		00565A5129E6BB9E001D9DC5 /* GoogleSignIn.framework */ = {isa = PBXFileReference; explicitFileType = wrapper.framework; path = GoogleSignIn.framework; sourceTree = BUILT_PRODUCTS_DIR; };
		00565A5929EAA3CB001D9DC5 /* CompositionalLayout.swift */ = {isa = PBXFileReference; lastKnownFileType = sourcecode.swift; path = CompositionalLayout.swift; sourceTree = "<group>"; };
		00565A5B29EAA67F001D9DC5 /* SectionDecorationView.swift */ = {isa = PBXFileReference; lastKnownFileType = sourcecode.swift; path = SectionDecorationView.swift; sourceTree = "<group>"; };
		00565A5D29EAA800001D9DC5 /* BannerCell.swift */ = {isa = PBXFileReference; lastKnownFileType = sourcecode.swift; path = BannerCell.swift; sourceTree = "<group>"; };
		00565A5F29EAAAFC001D9DC5 /* CategoriesCell.swift */ = {isa = PBXFileReference; lastKnownFileType = sourcecode.swift; path = CategoriesCell.swift; sourceTree = "<group>"; };
		00565A6129EAACD0001D9DC5 /* AllDishesCell.swift */ = {isa = PBXFileReference; lastKnownFileType = sourcecode.swift; path = AllDishesCell.swift; sourceTree = "<group>"; };
		00565A6329EAC2C9001D9DC5 /* CategoriesHeader.swift */ = {isa = PBXFileReference; lastKnownFileType = sourcecode.swift; path = CategoriesHeader.swift; sourceTree = "<group>"; };
		00565A6529EACED5001D9DC5 /* AllDishesHeader.swift */ = {isa = PBXFileReference; lastKnownFileType = sourcecode.swift; path = AllDishesHeader.swift; sourceTree = "<group>"; };
		00565A6B29EADE56001D9DC5 /* ReservationViewController.swift */ = {isa = PBXFileReference; lastKnownFileType = sourcecode.swift; path = ReservationViewController.swift; sourceTree = "<group>"; };
		00565A7129EADEA8001D9DC5 /* CartViewController.swift */ = {isa = PBXFileReference; lastKnownFileType = sourcecode.swift; path = CartViewController.swift; sourceTree = "<group>"; };
		00565A7729EADEEF001D9DC5 /* AccountViewController.swift */ = {isa = PBXFileReference; lastKnownFileType = sourcecode.swift; path = AccountViewController.swift; sourceTree = "<group>"; };
		00565A7929EC2DD5001D9DC5 /* StorageManager.swift */ = {isa = PBXFileReference; lastKnownFileType = sourcecode.swift; path = StorageManager.swift; sourceTree = "<group>"; };
		009F780129DD0E2300A54837 /* ReservationApp.app */ = {isa = PBXFileReference; explicitFileType = wrapper.application; includeInIndex = 0; path = ReservationApp.app; sourceTree = BUILT_PRODUCTS_DIR; };
		009F780429DD0E2300A54837 /* AppDelegate.swift */ = {isa = PBXFileReference; lastKnownFileType = sourcecode.swift; path = AppDelegate.swift; sourceTree = "<group>"; };
		009F780629DD0E2300A54837 /* SceneDelegate.swift */ = {isa = PBXFileReference; lastKnownFileType = sourcecode.swift; path = SceneDelegate.swift; sourceTree = "<group>"; };
		009F780829DD0E2300A54837 /* LoginViewController.swift */ = {isa = PBXFileReference; lastKnownFileType = sourcecode.swift; path = LoginViewController.swift; sourceTree = "<group>"; };
		009F780B29DD0E2300A54837 /* Base */ = {isa = PBXFileReference; lastKnownFileType = file.storyboard; name = Base; path = Base.lproj/Main.storyboard; sourceTree = "<group>"; };
		009F780D29DD0E2700A54837 /* Assets.xcassets */ = {isa = PBXFileReference; lastKnownFileType = folder.assetcatalog; path = Assets.xcassets; sourceTree = "<group>"; };
		009F781029DD0E2700A54837 /* Base */ = {isa = PBXFileReference; lastKnownFileType = file.storyboard; name = Base; path = Base.lproj/LaunchScreen.storyboard; sourceTree = "<group>"; };
		009F781229DD0E2700A54837 /* Info.plist */ = {isa = PBXFileReference; lastKnownFileType = text.plist.xml; path = Info.plist; sourceTree = "<group>"; };
		00B14B7D29DF47ED0059CD83 /* UILabelHelper.swift */ = {isa = PBXFileReference; lastKnownFileType = sourcecode.swift; path = UILabelHelper.swift; sourceTree = "<group>"; };
		00B14B7F29DFB4AF0059CD83 /* UITextFieldHelper.swift */ = {isa = PBXFileReference; lastKnownFileType = sourcecode.swift; path = UITextFieldHelper.swift; sourceTree = "<group>"; };
		00B14B8129DFB5DA0059CD83 /* UIStackViewHelper.swift */ = {isa = PBXFileReference; lastKnownFileType = sourcecode.swift; path = UIStackViewHelper.swift; sourceTree = "<group>"; };
		00B14B8329DFC0620059CD83 /* UIButtonHelper.swift */ = {isa = PBXFileReference; lastKnownFileType = sourcecode.swift; path = UIButtonHelper.swift; sourceTree = "<group>"; };
		00B14B8729DFEE430059CD83 /* UIImageViewHelpler.swift */ = {isa = PBXFileReference; lastKnownFileType = sourcecode.swift; path = UIImageViewHelpler.swift; sourceTree = "<group>"; };
		00F1473429E01E9200B50B15 /* GoogleService-Info.plist */ = {isa = PBXFileReference; fileEncoding = 4; lastKnownFileType = text.plist.xml; path = "GoogleService-Info.plist"; sourceTree = "<group>"; };
		00F1473A29E0301F00B50B15 /* FirebaseAuth.framework */ = {isa = PBXFileReference; explicitFileType = wrapper.framework; path = FirebaseAuth.framework; sourceTree = BUILT_PRODUCTS_DIR; };
		00F1473D29E0302700B50B15 /* FirebaseFirestore.framework */ = {isa = PBXFileReference; explicitFileType = wrapper.framework; path = FirebaseFirestore.framework; sourceTree = BUILT_PRODUCTS_DIR; };
		00F1474029E0303000B50B15 /* FirebaseCore.framework */ = {isa = PBXFileReference; explicitFileType = wrapper.framework; path = FirebaseCore.framework; sourceTree = BUILT_PRODUCTS_DIR; };
		00F1474329E03DE400B50B15 /* LoginViewModel.swift */ = {isa = PBXFileReference; lastKnownFileType = sourcecode.swift; path = LoginViewModel.swift; sourceTree = "<group>"; };
		00F1474729E04A4C00B50B15 /* Users.swift */ = {isa = PBXFileReference; lastKnownFileType = sourcecode.swift; path = Users.swift; sourceTree = "<group>"; };
		00F1474E29E12C3C00B50B15 /* AuthManager.swift */ = {isa = PBXFileReference; lastKnownFileType = sourcecode.swift; path = AuthManager.swift; sourceTree = "<group>"; };
		00F1475029E12ECD00B50B15 /* RegistrationViewController.swift */ = {isa = PBXFileReference; lastKnownFileType = sourcecode.swift; path = RegistrationViewController.swift; sourceTree = "<group>"; };
		00F1475229E1434F00B50B15 /* RegistrationViewModel.swift */ = {isa = PBXFileReference; lastKnownFileType = sourcecode.swift; path = RegistrationViewModel.swift; sourceTree = "<group>"; };
		00F1475C29E185C200B50B15 /* MenuViewController.swift */ = {isa = PBXFileReference; lastKnownFileType = sourcecode.swift; path = MenuViewController.swift; sourceTree = "<group>"; };
		00F1476429E190BA00B50B15 /* MenuViewModel.swift */ = {isa = PBXFileReference; lastKnownFileType = sourcecode.swift; name = MenuViewModel.swift; path = ReservationApp/MenuModule/View/MenuViewModel.swift; sourceTree = SOURCE_ROOT; };
		00F1476829E1926700B50B15 /* UIViewHelper.swift */ = {isa = PBXFileReference; fileEncoding = 4; lastKnownFileType = sourcecode.swift; path = UIViewHelper.swift; sourceTree = "<group>"; };
		00F1476A29E1A0BE00B50B15 /* OnboardingViewController.swift */ = {isa = PBXFileReference; lastKnownFileType = sourcecode.swift; name = OnboardingViewController.swift; path = ReservationApp/MenuModule/View/OnboardingViewController.swift; sourceTree = SOURCE_ROOT; };
		4654A77CC2F3977F4E3653DC /* Pods-ReservationApp.release.xcconfig */ = {isa = PBXFileReference; includeInIndex = 1; lastKnownFileType = text.xcconfig; name = "Pods-ReservationApp.release.xcconfig"; path = "Target Support Files/Pods-ReservationApp/Pods-ReservationApp.release.xcconfig"; sourceTree = "<group>"; };
		70BFE10C5125D5D43849BA34 /* Pods_ReservationApp.framework */ = {isa = PBXFileReference; explicitFileType = wrapper.framework; includeInIndex = 0; path = Pods_ReservationApp.framework; sourceTree = BUILT_PRODUCTS_DIR; };
		AD5BA381ED153F34DCD95685 /* Pods-ReservationApp.debug.xcconfig */ = {isa = PBXFileReference; includeInIndex = 1; lastKnownFileType = text.xcconfig; name = "Pods-ReservationApp.debug.xcconfig"; path = "Target Support Files/Pods-ReservationApp/Pods-ReservationApp.debug.xcconfig"; sourceTree = "<group>"; };
/* End PBXFileReference section */

/* Begin PBXFrameworksBuildPhase section */
		009F77FE29DD0E2200A54837 /* Frameworks */ = {
			isa = PBXFrameworksBuildPhase;
			buildActionMask = 2147483647;
			files = (
				00F1473729E0301000B50B15 /* Pods_ReservationApp.framework in Frameworks */,
			);
			runOnlyForDeploymentPostprocessing = 0;
		};
/* End PBXFrameworksBuildPhase section */

/* Begin PBXGroup section */
		003852C329E439D7004FA967 /* Cells */ = {
			isa = PBXGroup;
			children = (
				00565A5B29EAA67F001D9DC5 /* SectionDecorationView.swift */,
				00565A5D29EAA800001D9DC5 /* BannerCell.swift */,
				00565A5F29EAAAFC001D9DC5 /* CategoriesCell.swift */,
				00565A6129EAACD0001D9DC5 /* AllDishesCell.swift */,
			);
			path = Cells;
			sourceTree = "<group>";
		};
		003852C429E43A00004FA967 /* TabBarModule */ = {
			isa = PBXGroup;
			children = (
				003852E829E5599E004FA967 /* MainTabBar.swift */,
			);
			path = TabBarModule;
			sourceTree = "<group>";
		};
		003852E529E548D3004FA967 /* HeaderView */ = {
			isa = PBXGroup;
			children = (
				00565A6329EAC2C9001D9DC5 /* CategoriesHeader.swift */,
				00565A6529EACED5001D9DC5 /* AllDishesHeader.swift */,
			);
			path = HeaderView;
			sourceTree = "<group>";
		};
		00565A6729EADDEC001D9DC5 /* ReservationModule */ = {
			isa = PBXGroup;
			children = (
				00565A6A29EADE11001D9DC5 /* Model */,
				00565A6929EADE06001D9DC5 /* View */,
				00565A6829EADDFC001D9DC5 /* ViewModel */,
			);
			path = ReservationModule;
			sourceTree = "<group>";
		};
		00565A6829EADDFC001D9DC5 /* ViewModel */ = {
			isa = PBXGroup;
			children = (
			);
			path = ViewModel;
			sourceTree = "<group>";
		};
		00565A6929EADE06001D9DC5 /* View */ = {
			isa = PBXGroup;
			children = (
				00565A6B29EADE56001D9DC5 /* ReservationViewController.swift */,
			);
			path = View;
			sourceTree = "<group>";
		};
		00565A6A29EADE11001D9DC5 /* Model */ = {
			isa = PBXGroup;
			children = (
			);
			path = Model;
			sourceTree = "<group>";
		};
		00565A6D29EADE75001D9DC5 /* CartModule */ = {
			isa = PBXGroup;
			children = (
				00565A7029EADE8E001D9DC5 /* Model */,
				00565A6F29EADE88001D9DC5 /* View */,
				00565A6E29EADE81001D9DC5 /* ViewModel */,
			);
			path = CartModule;
			sourceTree = "<group>";
		};
		00565A6E29EADE81001D9DC5 /* ViewModel */ = {
			isa = PBXGroup;
			children = (
			);
			path = ViewModel;
			sourceTree = "<group>";
		};
		00565A6F29EADE88001D9DC5 /* View */ = {
			isa = PBXGroup;
			children = (
				00565A7129EADEA8001D9DC5 /* CartViewController.swift */,
			);
			path = View;
			sourceTree = "<group>";
		};
		00565A7029EADE8E001D9DC5 /* Model */ = {
			isa = PBXGroup;
			children = (
			);
			path = Model;
			sourceTree = "<group>";
		};
		00565A7329EADEC2001D9DC5 /* AccountModule */ = {
			isa = PBXGroup;
			children = (
				00565A7629EADEE0001D9DC5 /* Model */,
				00565A7529EADEDB001D9DC5 /* View */,
				00565A7429EADED1001D9DC5 /* ViewModel */,
			);
			path = AccountModule;
			sourceTree = "<group>";
		};
		00565A7429EADED1001D9DC5 /* ViewModel */ = {
			isa = PBXGroup;
			children = (
			);
			path = ViewModel;
			sourceTree = "<group>";
		};
		00565A7529EADEDB001D9DC5 /* View */ = {
			isa = PBXGroup;
			children = (
				00565A7729EADEEF001D9DC5 /* AccountViewController.swift */,
			);
			path = View;
			sourceTree = "<group>";
		};
		00565A7629EADEE0001D9DC5 /* Model */ = {
			isa = PBXGroup;
			children = (
			);
			path = Model;
			sourceTree = "<group>";
		};
		009F77F829DD0E2200A54837 = {
			isa = PBXGroup;
			children = (
				009F780329DD0E2300A54837 /* ReservationApp */,
				009F780229DD0E2300A54837 /* Products */,
				EC4FC9EDFA1AD605028E22CE /* Pods */,
				D583A9CCC85C16254FE1F215 /* Frameworks */,
			);
			sourceTree = "<group>";
		};
		009F780229DD0E2300A54837 /* Products */ = {
			isa = PBXGroup;
			children = (
				009F780129DD0E2300A54837 /* ReservationApp.app */,
			);
			name = Products;
			sourceTree = "<group>";
		};
		009F780329DD0E2300A54837 /* ReservationApp */ = {
			isa = PBXGroup;
			children = (
				00565A7329EADEC2001D9DC5 /* AccountModule */,
				00565A6D29EADE75001D9DC5 /* CartModule */,
				00565A6729EADDEC001D9DC5 /* ReservationModule */,
				003852C429E43A00004FA967 /* TabBarModule */,
				00F1475829E1858D00B50B15 /* MenuModule */,
				00F1474D29E12C1D00B50B15 /* ServiceManager */,
				00F1474929E04B6500B50B15 /* RegistrationModule */,
				00B14B7C29DF47CD0059CD83 /* Helpers */,
				009F781D29DD157500A54837 /* EntryModule */,
				009F781929DD154400A54837 /* LoginModule */,
				009F780429DD0E2300A54837 /* AppDelegate.swift */,
				009F780629DD0E2300A54837 /* SceneDelegate.swift */,
				009F780A29DD0E2300A54837 /* Main.storyboard */,
				009F780D29DD0E2700A54837 /* Assets.xcassets */,
				009F780F29DD0E2700A54837 /* LaunchScreen.storyboard */,
				009F781229DD0E2700A54837 /* Info.plist */,
				00F1473429E01E9200B50B15 /* GoogleService-Info.plist */,
				003852B629E3E405004FA967 /* client_760406798747-pdc0c8h325q2450jigeimtqupcbe0ahg.apps.googleusercontent.com.plist */,
			);
			path = ReservationApp;
			sourceTree = "<group>";
		};
		009F781929DD154400A54837 /* LoginModule */ = {
			isa = PBXGroup;
			children = (
				009F781C29DD156B00A54837 /* Model */,
				009F781B29DD156200A54837 /* View */,
				009F781A29DD155900A54837 /* ViewModel */,
			);
			path = LoginModule;
			sourceTree = "<group>";
		};
		009F781A29DD155900A54837 /* ViewModel */ = {
			isa = PBXGroup;
			children = (
				00F1474329E03DE400B50B15 /* LoginViewModel.swift */,
			);
			path = ViewModel;
			sourceTree = "<group>";
		};
		009F781B29DD156200A54837 /* View */ = {
			isa = PBXGroup;
			children = (
				009F780829DD0E2300A54837 /* LoginViewController.swift */,
			);
			path = View;
			sourceTree = "<group>";
		};
		009F781C29DD156B00A54837 /* Model */ = {
			isa = PBXGroup;
			children = (
				00F1474729E04A4C00B50B15 /* Users.swift */,
			);
			path = Model;
			sourceTree = "<group>";
		};
		009F781D29DD157500A54837 /* EntryModule */ = {
			isa = PBXGroup;
			children = (
				009F782029DD158B00A54837 /* Model */,
				009F781F29DD158600A54837 /* View */,
				009F781E29DD157E00A54837 /* ViewModel */,
			);
			path = EntryModule;
			sourceTree = "<group>";
		};
		009F781E29DD157E00A54837 /* ViewModel */ = {
			isa = PBXGroup;
			children = (
			);
			path = ViewModel;
			sourceTree = "<group>";
		};
		009F781F29DD158600A54837 /* View */ = {
			isa = PBXGroup;
			children = (
				00F1476A29E1A0BE00B50B15 /* OnboardingViewController.swift */,
			);
			path = View;
			sourceTree = "<group>";
		};
		009F782029DD158B00A54837 /* Model */ = {
			isa = PBXGroup;
			children = (
			);
			path = Model;
			sourceTree = "<group>";
		};
		00B14B7C29DF47CD0059CD83 /* Helpers */ = {
			isa = PBXGroup;
			children = (
				00B14B7D29DF47ED0059CD83 /* UILabelHelper.swift */,
				00B14B7F29DFB4AF0059CD83 /* UITextFieldHelper.swift */,
				00B14B8129DFB5DA0059CD83 /* UIStackViewHelper.swift */,
				00B14B8329DFC0620059CD83 /* UIButtonHelper.swift */,
				00B14B8729DFEE430059CD83 /* UIImageViewHelpler.swift */,
				00F1476829E1926700B50B15 /* UIViewHelper.swift */,
				00565A5929EAA3CB001D9DC5 /* CompositionalLayout.swift */,
			);
			path = Helpers;
			sourceTree = "<group>";
		};
		00F1474929E04B6500B50B15 /* RegistrationModule */ = {
			isa = PBXGroup;
			children = (
				00F1474A29E04B7000B50B15 /* Model */,
				00F1474C29E04B8100B50B15 /* View */,
				00F1474B29E04B7800B50B15 /* ViewModel */,
			);
			path = RegistrationModule;
			sourceTree = "<group>";
		};
		00F1474A29E04B7000B50B15 /* Model */ = {
			isa = PBXGroup;
			children = (
				003852BE29E40FB1004FA967 /* GoogleSignInModel.swift */,
			);
			path = Model;
			sourceTree = "<group>";
		};
		00F1474B29E04B7800B50B15 /* ViewModel */ = {
			isa = PBXGroup;
			children = (
				00F1475229E1434F00B50B15 /* RegistrationViewModel.swift */,
			);
			path = ViewModel;
			sourceTree = "<group>";
		};
		00F1474C29E04B8100B50B15 /* View */ = {
			isa = PBXGroup;
			children = (
				00F1475029E12ECD00B50B15 /* RegistrationViewController.swift */,
			);
			path = View;
			sourceTree = "<group>";
		};
		00F1474D29E12C1D00B50B15 /* ServiceManager */ = {
			isa = PBXGroup;
			children = (
				00F1474E29E12C3C00B50B15 /* AuthManager.swift */,
				003852F129E5ADFA004FA967 /* FirestoreManager.swift */,
				00565A7929EC2DD5001D9DC5 /* StorageManager.swift */,
			);
			path = ServiceManager;
			sourceTree = "<group>";
		};
		00F1475829E1858D00B50B15 /* MenuModule */ = {
			isa = PBXGroup;
			children = (
				00F1475B29E185AF00B50B15 /* Model */,
				00F1475A29E185A900B50B15 /* View */,
				00F1475929E1859F00B50B15 /* ViewModel */,
			);
			path = MenuModule;
			sourceTree = "<group>";
		};
		00F1475929E1859F00B50B15 /* ViewModel */ = {
			isa = PBXGroup;
			children = (
				00F1476429E190BA00B50B15 /* MenuViewModel.swift */,
			);
			path = ViewModel;
			sourceTree = "<group>";
		};
		00F1475A29E185A900B50B15 /* View */ = {
			isa = PBXGroup;
			children = (
				003852E529E548D3004FA967 /* HeaderView */,
				003852C329E439D7004FA967 /* Cells */,
				00F1475C29E185C200B50B15 /* MenuViewController.swift */,
			);
			path = View;
			sourceTree = "<group>";
		};
		00F1475B29E185AF00B50B15 /* Model */ = {
			isa = PBXGroup;
			children = (
				003852C129E439BE004FA967 /* MenuItem.swift */,
				003852EF29E5A688004FA967 /* Category.swift */,
			);
			path = Model;
			sourceTree = "<group>";
		};
		D583A9CCC85C16254FE1F215 /* Frameworks */ = {
			isa = PBXGroup;
			children = (
				00565A5129E6BB9E001D9DC5 /* GoogleSignIn.framework */,
				00565A4D29E6B963001D9DC5 /* GoogleSignIn.framework */,
				00F1474029E0303000B50B15 /* FirebaseCore.framework */,
				00F1473D29E0302700B50B15 /* FirebaseFirestore.framework */,
				00F1473A29E0301F00B50B15 /* FirebaseAuth.framework */,
				70BFE10C5125D5D43849BA34 /* Pods_ReservationApp.framework */,
			);
			name = Frameworks;
			sourceTree = "<group>";
		};
		EC4FC9EDFA1AD605028E22CE /* Pods */ = {
			isa = PBXGroup;
			children = (
				AD5BA381ED153F34DCD95685 /* Pods-ReservationApp.debug.xcconfig */,
				4654A77CC2F3977F4E3653DC /* Pods-ReservationApp.release.xcconfig */,
			);
			path = Pods;
			sourceTree = "<group>";
		};
/* End PBXGroup section */

/* Begin PBXNativeTarget section */
		009F780029DD0E2200A54837 /* ReservationApp */ = {
			isa = PBXNativeTarget;
			buildConfigurationList = 009F781529DD0E2700A54837 /* Build configuration list for PBXNativeTarget "ReservationApp" */;
			buildPhases = (
				FE5A041FB76EE6DBADA26493 /* [CP] Check Pods Manifest.lock */,
				009F77FD29DD0E2200A54837 /* Sources */,
				009F77FE29DD0E2200A54837 /* Frameworks */,
				009F77FF29DD0E2200A54837 /* Resources */,
				F8C34CC80A6A56485DA4F869 /* [CP] Embed Pods Frameworks */,
			);
			buildRules = (
			);
			dependencies = (
			);
			name = ReservationApp;
			packageProductDependencies = (
			);
			productName = ReservationApp;
			productReference = 009F780129DD0E2300A54837 /* ReservationApp.app */;
			productType = "com.apple.product-type.application";
		};
/* End PBXNativeTarget section */

/* Begin PBXProject section */
		009F77F929DD0E2200A54837 /* Project object */ = {
			isa = PBXProject;
			attributes = {
				BuildIndependentTargetsInParallel = 1;
				LastSwiftUpdateCheck = 1340;
				LastUpgradeCheck = 1340;
				TargetAttributes = {
					009F780029DD0E2200A54837 = {
						CreatedOnToolsVersion = 13.4.1;
					};
				};
			};
			buildConfigurationList = 009F77FC29DD0E2200A54837 /* Build configuration list for PBXProject "ReservationApp" */;
			compatibilityVersion = "Xcode 13.0";
			developmentRegion = en;
			hasScannedForEncodings = 0;
			knownRegions = (
				en,
				Base,
			);
			mainGroup = 009F77F829DD0E2200A54837;
			packageReferences = (
			);
			productRefGroup = 009F780229DD0E2300A54837 /* Products */;
			projectDirPath = "";
			projectRoot = "";
			targets = (
				009F780029DD0E2200A54837 /* ReservationApp */,
			);
		};
/* End PBXProject section */

/* Begin PBXResourcesBuildPhase section */
		009F77FF29DD0E2200A54837 /* Resources */ = {
			isa = PBXResourcesBuildPhase;
			buildActionMask = 2147483647;
			files = (
				009F781129DD0E2700A54837 /* LaunchScreen.storyboard in Resources */,
				009F780E29DD0E2700A54837 /* Assets.xcassets in Resources */,
				003852B729E3E405004FA967 /* client_760406798747-pdc0c8h325q2450jigeimtqupcbe0ahg.apps.googleusercontent.com.plist in Resources */,
				00F1473529E01E9200B50B15 /* GoogleService-Info.plist in Resources */,
				009F780C29DD0E2300A54837 /* Main.storyboard in Resources */,
			);
			runOnlyForDeploymentPostprocessing = 0;
		};
/* End PBXResourcesBuildPhase section */

/* Begin PBXShellScriptBuildPhase section */
		F8C34CC80A6A56485DA4F869 /* [CP] Embed Pods Frameworks */ = {
			isa = PBXShellScriptBuildPhase;
			buildActionMask = 2147483647;
			files = (
			);
			inputFileListPaths = (
				"${PODS_ROOT}/Target Support Files/Pods-ReservationApp/Pods-ReservationApp-frameworks-${CONFIGURATION}-input-files.xcfilelist",
			);
			name = "[CP] Embed Pods Frameworks";
			outputFileListPaths = (
				"${PODS_ROOT}/Target Support Files/Pods-ReservationApp/Pods-ReservationApp-frameworks-${CONFIGURATION}-output-files.xcfilelist",
			);
			runOnlyForDeploymentPostprocessing = 0;
			shellPath = /bin/sh;
			shellScript = "\"${PODS_ROOT}/Target Support Files/Pods-ReservationApp/Pods-ReservationApp-frameworks.sh\"\n";
			showEnvVarsInLog = 0;
		};
		FE5A041FB76EE6DBADA26493 /* [CP] Check Pods Manifest.lock */ = {
			isa = PBXShellScriptBuildPhase;
			buildActionMask = 2147483647;
			files = (
			);
			inputFileListPaths = (
			);
			inputPaths = (
				"${PODS_PODFILE_DIR_PATH}/Podfile.lock",
				"${PODS_ROOT}/Manifest.lock",
			);
			name = "[CP] Check Pods Manifest.lock";
			outputFileListPaths = (
			);
			outputPaths = (
				"$(DERIVED_FILE_DIR)/Pods-ReservationApp-checkManifestLockResult.txt",
			);
			runOnlyForDeploymentPostprocessing = 0;
			shellPath = /bin/sh;
			shellScript = "diff \"${PODS_PODFILE_DIR_PATH}/Podfile.lock\" \"${PODS_ROOT}/Manifest.lock\" > /dev/null\nif [ $? != 0 ] ; then\n    # print error to STDERR\n    echo \"error: The sandbox is not in sync with the Podfile.lock. Run 'pod install' or update your CocoaPods installation.\" >&2\n    exit 1\nfi\n# This output is used by Xcode 'outputs' to avoid re-running this script phase.\necho \"SUCCESS\" > \"${SCRIPT_OUTPUT_FILE_0}\"\n";
			showEnvVarsInLog = 0;
		};
/* End PBXShellScriptBuildPhase section */

/* Begin PBXSourcesBuildPhase section */
		009F77FD29DD0E2200A54837 /* Sources */ = {
			isa = PBXSourcesBuildPhase;
			buildActionMask = 2147483647;
			files = (
				003852C229E439BE004FA967 /* MenuItem.swift in Sources */,
				00B14B7E29DF47ED0059CD83 /* UILabelHelper.swift in Sources */,
				00565A7829EADEEF001D9DC5 /* AccountViewController.swift in Sources */,
				00F1475D29E185C300B50B15 /* MenuViewController.swift in Sources */,
				00565A5E29EAA800001D9DC5 /* BannerCell.swift in Sources */,
				00565A7229EADEA8001D9DC5 /* CartViewController.swift in Sources */,
				00B14B8229DFB5DA0059CD83 /* UIStackViewHelper.swift in Sources */,
				00565A6C29EADE56001D9DC5 /* ReservationViewController.swift in Sources */,
				00F1476929E1926700B50B15 /* UIViewHelper.swift in Sources */,
				003852BF29E40FB1004FA967 /* GoogleSignInModel.swift in Sources */,
				00B14B8029DFB4AF0059CD83 /* UITextFieldHelper.swift in Sources */,
				00565A6029EAAAFC001D9DC5 /* CategoriesCell.swift in Sources */,
				00F1475329E1434F00B50B15 /* RegistrationViewModel.swift in Sources */,
				00B14B8829DFEE430059CD83 /* UIImageViewHelpler.swift in Sources */,
				00F1476B29E1A0BE00B50B15 /* OnboardingViewController.swift in Sources */,
				00565A6429EAC2C9001D9DC5 /* CategoriesHeader.swift in Sources */,
				00565A5A29EAA3CB001D9DC5 /* CompositionalLayout.swift in Sources */,
				00F1475129E12ECD00B50B15 /* RegistrationViewController.swift in Sources */,
				00565A6229EAACD0001D9DC5 /* AllDishesCell.swift in Sources */,
				003852F229E5ADFA004FA967 /* FirestoreManager.swift in Sources */,
				00565A5C29EAA67F001D9DC5 /* SectionDecorationView.swift in Sources */,
				009F780929DD0E2300A54837 /* LoginViewController.swift in Sources */,
				00F1474429E03DE400B50B15 /* LoginViewModel.swift in Sources */,
				00565A6629EACED5001D9DC5 /* AllDishesHeader.swift in Sources */,
				00565A7A29EC2DD6001D9DC5 /* StorageManager.swift in Sources */,
				003852E929E5599F004FA967 /* MainTabBar.swift in Sources */,
				003852F029E5A688004FA967 /* Category.swift in Sources */,
				009F780529DD0E2300A54837 /* AppDelegate.swift in Sources */,
				00B14B8429DFC0620059CD83 /* UIButtonHelper.swift in Sources */,
				009F780729DD0E2300A54837 /* SceneDelegate.swift in Sources */,
				00F1476529E190BA00B50B15 /* MenuViewModel.swift in Sources */,
				00F1474829E04A4C00B50B15 /* Users.swift in Sources */,
				00F1474F29E12C3C00B50B15 /* AuthManager.swift in Sources */,
			);
			runOnlyForDeploymentPostprocessing = 0;
		};
/* End PBXSourcesBuildPhase section */

/* Begin PBXVariantGroup section */
		009F780A29DD0E2300A54837 /* Main.storyboard */ = {
			isa = PBXVariantGroup;
			children = (
				009F780B29DD0E2300A54837 /* Base */,
			);
			name = Main.storyboard;
			sourceTree = "<group>";
		};
		009F780F29DD0E2700A54837 /* LaunchScreen.storyboard */ = {
			isa = PBXVariantGroup;
			children = (
				009F781029DD0E2700A54837 /* Base */,
			);
			name = LaunchScreen.storyboard;
			sourceTree = "<group>";
		};
/* End PBXVariantGroup section */

/* Begin XCBuildConfiguration section */
		009F781329DD0E2700A54837 /* Debug */ = {
			isa = XCBuildConfiguration;
			buildSettings = {
				ALWAYS_SEARCH_USER_PATHS = NO;
				CLANG_ANALYZER_NONNULL = YES;
				CLANG_ANALYZER_NUMBER_OBJECT_CONVERSION = YES_AGGRESSIVE;
				CLANG_CXX_LANGUAGE_STANDARD = "gnu++17";
				CLANG_ENABLE_MODULES = YES;
				CLANG_ENABLE_OBJC_ARC = YES;
				CLANG_ENABLE_OBJC_WEAK = YES;
				CLANG_WARN_BLOCK_CAPTURE_AUTORELEASING = YES;
				CLANG_WARN_BOOL_CONVERSION = YES;
				CLANG_WARN_COMMA = YES;
				CLANG_WARN_CONSTANT_CONVERSION = YES;
				CLANG_WARN_DEPRECATED_OBJC_IMPLEMENTATIONS = YES;
				CLANG_WARN_DIRECT_OBJC_ISA_USAGE = YES_ERROR;
				CLANG_WARN_DOCUMENTATION_COMMENTS = YES;
				CLANG_WARN_EMPTY_BODY = YES;
				CLANG_WARN_ENUM_CONVERSION = YES;
				CLANG_WARN_INFINITE_RECURSION = YES;
				CLANG_WARN_INT_CONVERSION = YES;
				CLANG_WARN_NON_LITERAL_NULL_CONVERSION = YES;
				CLANG_WARN_OBJC_IMPLICIT_RETAIN_SELF = YES;
				CLANG_WARN_OBJC_LITERAL_CONVERSION = YES;
				CLANG_WARN_OBJC_ROOT_CLASS = YES_ERROR;
				CLANG_WARN_QUOTED_INCLUDE_IN_FRAMEWORK_HEADER = YES;
				CLANG_WARN_RANGE_LOOP_ANALYSIS = YES;
				CLANG_WARN_STRICT_PROTOTYPES = YES;
				CLANG_WARN_SUSPICIOUS_MOVE = YES;
				CLANG_WARN_UNGUARDED_AVAILABILITY = YES_AGGRESSIVE;
				CLANG_WARN_UNREACHABLE_CODE = YES;
				CLANG_WARN__DUPLICATE_METHOD_MATCH = YES;
				COPY_PHASE_STRIP = NO;
				DEBUG_INFORMATION_FORMAT = dwarf;
				ENABLE_STRICT_OBJC_MSGSEND = YES;
				ENABLE_TESTABILITY = YES;
				GCC_C_LANGUAGE_STANDARD = gnu11;
				GCC_DYNAMIC_NO_PIC = NO;
				GCC_NO_COMMON_BLOCKS = YES;
				GCC_OPTIMIZATION_LEVEL = 0;
				GCC_PREPROCESSOR_DEFINITIONS = (
					"DEBUG=1",
					"$(inherited)",
				);
				GCC_WARN_64_TO_32_BIT_CONVERSION = YES;
				GCC_WARN_ABOUT_RETURN_TYPE = YES_ERROR;
				GCC_WARN_UNDECLARED_SELECTOR = YES;
				GCC_WARN_UNINITIALIZED_AUTOS = YES_AGGRESSIVE;
				GCC_WARN_UNUSED_FUNCTION = YES;
				GCC_WARN_UNUSED_VARIABLE = YES;
				IPHONEOS_DEPLOYMENT_TARGET = 15.5;
				MTL_ENABLE_DEBUG_INFO = INCLUDE_SOURCE;
				MTL_FAST_MATH = YES;
				ONLY_ACTIVE_ARCH = YES;
				SDKROOT = iphoneos;
				SWIFT_ACTIVE_COMPILATION_CONDITIONS = DEBUG;
				SWIFT_OPTIMIZATION_LEVEL = "-Onone";
			};
			name = Debug;
		};
		009F781429DD0E2700A54837 /* Release */ = {
			isa = XCBuildConfiguration;
			buildSettings = {
				ALWAYS_SEARCH_USER_PATHS = NO;
				CLANG_ANALYZER_NONNULL = YES;
				CLANG_ANALYZER_NUMBER_OBJECT_CONVERSION = YES_AGGRESSIVE;
				CLANG_CXX_LANGUAGE_STANDARD = "gnu++17";
				CLANG_ENABLE_MODULES = YES;
				CLANG_ENABLE_OBJC_ARC = YES;
				CLANG_ENABLE_OBJC_WEAK = YES;
				CLANG_WARN_BLOCK_CAPTURE_AUTORELEASING = YES;
				CLANG_WARN_BOOL_CONVERSION = YES;
				CLANG_WARN_COMMA = YES;
				CLANG_WARN_CONSTANT_CONVERSION = YES;
				CLANG_WARN_DEPRECATED_OBJC_IMPLEMENTATIONS = YES;
				CLANG_WARN_DIRECT_OBJC_ISA_USAGE = YES_ERROR;
				CLANG_WARN_DOCUMENTATION_COMMENTS = YES;
				CLANG_WARN_EMPTY_BODY = YES;
				CLANG_WARN_ENUM_CONVERSION = YES;
				CLANG_WARN_INFINITE_RECURSION = YES;
				CLANG_WARN_INT_CONVERSION = YES;
				CLANG_WARN_NON_LITERAL_NULL_CONVERSION = YES;
				CLANG_WARN_OBJC_IMPLICIT_RETAIN_SELF = YES;
				CLANG_WARN_OBJC_LITERAL_CONVERSION = YES;
				CLANG_WARN_OBJC_ROOT_CLASS = YES_ERROR;
				CLANG_WARN_QUOTED_INCLUDE_IN_FRAMEWORK_HEADER = YES;
				CLANG_WARN_RANGE_LOOP_ANALYSIS = YES;
				CLANG_WARN_STRICT_PROTOTYPES = YES;
				CLANG_WARN_SUSPICIOUS_MOVE = YES;
				CLANG_WARN_UNGUARDED_AVAILABILITY = YES_AGGRESSIVE;
				CLANG_WARN_UNREACHABLE_CODE = YES;
				CLANG_WARN__DUPLICATE_METHOD_MATCH = YES;
				COPY_PHASE_STRIP = NO;
				DEBUG_INFORMATION_FORMAT = "dwarf-with-dsym";
				ENABLE_NS_ASSERTIONS = NO;
				ENABLE_STRICT_OBJC_MSGSEND = YES;
				GCC_C_LANGUAGE_STANDARD = gnu11;
				GCC_NO_COMMON_BLOCKS = YES;
				GCC_WARN_64_TO_32_BIT_CONVERSION = YES;
				GCC_WARN_ABOUT_RETURN_TYPE = YES_ERROR;
				GCC_WARN_UNDECLARED_SELECTOR = YES;
				GCC_WARN_UNINITIALIZED_AUTOS = YES_AGGRESSIVE;
				GCC_WARN_UNUSED_FUNCTION = YES;
				GCC_WARN_UNUSED_VARIABLE = YES;
				IPHONEOS_DEPLOYMENT_TARGET = 15.5;
				MTL_ENABLE_DEBUG_INFO = NO;
				MTL_FAST_MATH = YES;
				SDKROOT = iphoneos;
				SWIFT_COMPILATION_MODE = wholemodule;
				SWIFT_OPTIMIZATION_LEVEL = "-O";
				VALIDATE_PRODUCT = YES;
			};
			name = Release;
		};
		009F781629DD0E2700A54837 /* Debug */ = {
			isa = XCBuildConfiguration;
			baseConfigurationReference = AD5BA381ED153F34DCD95685 /* Pods-ReservationApp.debug.xcconfig */;
			buildSettings = {
				ASSETCATALOG_COMPILER_APPICON_NAME = AppIcon;
				ASSETCATALOG_COMPILER_GLOBAL_ACCENT_COLOR_NAME = AccentColor;
				CODE_SIGN_STYLE = Automatic;
				CURRENT_PROJECT_VERSION = 1;
				DEVELOPMENT_TEAM = X4R48ZRHCN;
				GENERATE_INFOPLIST_FILE = YES;
				INFOPLIST_FILE = ReservationApp/Info.plist;
				INFOPLIST_KEY_UIApplicationSupportsIndirectInputEvents = YES;
				INFOPLIST_KEY_UILaunchStoryboardName = LaunchScreen;
				INFOPLIST_KEY_UIMainStoryboardFile = Main;
				INFOPLIST_KEY_UISupportedInterfaceOrientations_iPad = "UIInterfaceOrientationPortrait UIInterfaceOrientationPortraitUpsideDown UIInterfaceOrientationLandscapeLeft UIInterfaceOrientationLandscapeRight";
				INFOPLIST_KEY_UISupportedInterfaceOrientations_iPhone = "UIInterfaceOrientationPortrait UIInterfaceOrientationLandscapeLeft UIInterfaceOrientationLandscapeRight";
				IPHONEOS_DEPLOYMENT_TARGET = 15.5;
				LD_RUNPATH_SEARCH_PATHS = (
					"$(inherited)",
					"@executable_path/Frameworks",
				);
				MARKETING_VERSION = 1.0;
				PRODUCT_BUNDLE_IDENTIFIER = kz.ReservationApp;
				PRODUCT_NAME = "$(TARGET_NAME)";
				SWIFT_EMIT_LOC_STRINGS = YES;
				SWIFT_VERSION = 5.0;
				TARGETED_DEVICE_FAMILY = "1,2";
			};
			name = Debug;
		};
		009F781729DD0E2700A54837 /* Release */ = {
			isa = XCBuildConfiguration;
			baseConfigurationReference = 4654A77CC2F3977F4E3653DC /* Pods-ReservationApp.release.xcconfig */;
			buildSettings = {
				ASSETCATALOG_COMPILER_APPICON_NAME = AppIcon;
				ASSETCATALOG_COMPILER_GLOBAL_ACCENT_COLOR_NAME = AccentColor;
				CODE_SIGN_STYLE = Automatic;
				CURRENT_PROJECT_VERSION = 1;
				DEVELOPMENT_TEAM = X4R48ZRHCN;
				GENERATE_INFOPLIST_FILE = YES;
				INFOPLIST_FILE = ReservationApp/Info.plist;
				INFOPLIST_KEY_UIApplicationSupportsIndirectInputEvents = YES;
				INFOPLIST_KEY_UILaunchStoryboardName = LaunchScreen;
				INFOPLIST_KEY_UIMainStoryboardFile = Main;
				INFOPLIST_KEY_UISupportedInterfaceOrientations_iPad = "UIInterfaceOrientationPortrait UIInterfaceOrientationPortraitUpsideDown UIInterfaceOrientationLandscapeLeft UIInterfaceOrientationLandscapeRight";
				INFOPLIST_KEY_UISupportedInterfaceOrientations_iPhone = "UIInterfaceOrientationPortrait UIInterfaceOrientationLandscapeLeft UIInterfaceOrientationLandscapeRight";
				IPHONEOS_DEPLOYMENT_TARGET = 15.5;
				LD_RUNPATH_SEARCH_PATHS = (
					"$(inherited)",
					"@executable_path/Frameworks",
				);
				MARKETING_VERSION = 1.0;
				PRODUCT_BUNDLE_IDENTIFIER = kz.ReservationApp;
				PRODUCT_NAME = "$(TARGET_NAME)";
				SWIFT_EMIT_LOC_STRINGS = YES;
				SWIFT_VERSION = 5.0;
				TARGETED_DEVICE_FAMILY = "1,2";
			};
			name = Release;
		};
/* End XCBuildConfiguration section */

/* Begin XCConfigurationList section */
		009F77FC29DD0E2200A54837 /* Build configuration list for PBXProject "ReservationApp" */ = {
			isa = XCConfigurationList;
			buildConfigurations = (
				009F781329DD0E2700A54837 /* Debug */,
				009F781429DD0E2700A54837 /* Release */,
			);
			defaultConfigurationIsVisible = 0;
			defaultConfigurationName = Release;
		};
		009F781529DD0E2700A54837 /* Build configuration list for PBXNativeTarget "ReservationApp" */ = {
			isa = XCConfigurationList;
			buildConfigurations = (
				009F781629DD0E2700A54837 /* Debug */,
				009F781729DD0E2700A54837 /* Release */,
			);
			defaultConfigurationIsVisible = 0;
			defaultConfigurationName = Release;
		};
/* End XCConfigurationList section */
	};
	rootObject = 009F77F929DD0E2200A54837 /* Project object */;
}
