// !$*UTF8*$!
{
	archiveVersion = 1;
	classes = {
	};
	objectVersion = 55;
	objects = {

/* Begin PBXBuildFile section */
		009F780529DD0E2300A54837 /* AppDelegate.swift in Sources */ = {isa = PBXBuildFile; fileRef = 009F780429DD0E2300A54837 /* AppDelegate.swift */; };
		009F780729DD0E2300A54837 /* SceneDelegate.swift in Sources */ = {isa = PBXBuildFile; fileRef = 009F780629DD0E2300A54837 /* SceneDelegate.swift */; };
		009F780929DD0E2300A54837 /* MainViewController.swift in Sources */ = {isa = PBXBuildFile; fileRef = 009F780829DD0E2300A54837 /* MainViewController.swift */; };
		009F780C29DD0E2300A54837 /* Main.storyboard in Resources */ = {isa = PBXBuildFile; fileRef = 009F780A29DD0E2300A54837 /* Main.storyboard */; };
		009F780E29DD0E2700A54837 /* Assets.xcassets in Resources */ = {isa = PBXBuildFile; fileRef = 009F780D29DD0E2700A54837 /* Assets.xcassets */; };
		009F781129DD0E2700A54837 /* LaunchScreen.storyboard in Resources */ = {isa = PBXBuildFile; fileRef = 009F780F29DD0E2700A54837 /* LaunchScreen.storyboard */; };
/* End PBXBuildFile section */

/* Begin PBXFileReference section */
		009F780129DD0E2300A54837 /* ReservationApp.app */ = {isa = PBXFileReference; explicitFileType = wrapper.application; includeInIndex = 0; path = ReservationApp.app; sourceTree = BUILT_PRODUCTS_DIR; };
		009F780429DD0E2300A54837 /* AppDelegate.swift */ = {isa = PBXFileReference; lastKnownFileType = sourcecode.swift; path = AppDelegate.swift; sourceTree = "<group>"; };
		009F780629DD0E2300A54837 /* SceneDelegate.swift */ = {isa = PBXFileReference; lastKnownFileType = sourcecode.swift; path = SceneDelegate.swift; sourceTree = "<group>"; };
		009F780829DD0E2300A54837 /* MainViewController.swift */ = {isa = PBXFileReference; lastKnownFileType = sourcecode.swift; path = MainViewController.swift; sourceTree = "<group>"; };
		009F780B29DD0E2300A54837 /* Base */ = {isa = PBXFileReference; lastKnownFileType = file.storyboard; name = Base; path = Base.lproj/Main.storyboard; sourceTree = "<group>"; };
		009F780D29DD0E2700A54837 /* Assets.xcassets */ = {isa = PBXFileReference; lastKnownFileType = folder.assetcatalog; path = Assets.xcassets; sourceTree = "<group>"; };
		009F781029DD0E2700A54837 /* Base */ = {isa = PBXFileReference; lastKnownFileType = file.storyboard; name = Base; path = Base.lproj/LaunchScreen.storyboard; sourceTree = "<group>"; };
		009F781229DD0E2700A54837 /* Info.plist */ = {isa = PBXFileReference; lastKnownFileType = text.plist.xml; path = Info.plist; sourceTree = "<group>"; };
/* End PBXFileReference section */

/* Begin PBXFrameworksBuildPhase section */
		009F77FE29DD0E2200A54837 /* Frameworks */ = {
			isa = PBXFrameworksBuildPhase;
			buildActionMask = 2147483647;
			files = (
			);
			runOnlyForDeploymentPostprocessing = 0;
		};
/* End PBXFrameworksBuildPhase section */

/* Begin PBXGroup section */
		009F77F829DD0E2200A54837 = {
			isa = PBXGroup;
			children = (
				009F780329DD0E2300A54837 /* ReservationApp */,
				009F780229DD0E2300A54837 /* Products */,
			);
			sourceTree = "<group>";
		};
		009F780229DD0E2300A54837 /* Products */ = {
			isa = PBXGroup;
			children = (
				009F780129DD0E2300A54837 /* ReservationApp.app */,
			);
			name = Products;
			sourceTree = "<group>";
		};
		009F780329DD0E2300A54837 /* ReservationApp */ = {
			isa = PBXGroup;
			children = (
				009F781D29DD157500A54837 /* EntryModule */,
				009F781929DD154400A54837 /* RegistrationModule */,
				009F780429DD0E2300A54837 /* AppDelegate.swift */,
				009F780629DD0E2300A54837 /* SceneDelegate.swift */,
				009F781829DD153800A54837 /* View */,
				009F780A29DD0E2300A54837 /* Main.storyboard */,
				009F780D29DD0E2700A54837 /* Assets.xcassets */,
				009F780F29DD0E2700A54837 /* LaunchScreen.storyboard */,
				009F781229DD0E2700A54837 /* Info.plist */,
			);
			path = ReservationApp;
			sourceTree = "<group>";
		};
		009F781829DD153800A54837 /* View */ = {
			isa = PBXGroup;
			children = (
				009F780829DD0E2300A54837 /* MainViewController.swift */,
			);
			path = View;
			sourceTree = "<group>";
		};
		009F781929DD154400A54837 /* RegistrationModule */ = {
			isa = PBXGroup;
			children = (
				009F781C29DD156B00A54837 /* Model */,
				009F781B29DD156200A54837 /* View */,
				009F781A29DD155900A54837 /* ViewModel */,
			);
			path = RegistrationModule;
			sourceTree = "<group>";
		};
		009F781A29DD155900A54837 /* ViewModel */ = {
			isa = PBXGroup;
			children = (
			);
			path = ViewModel;
			sourceTree = "<group>";
		};
		009F781B29DD156200A54837 /* View */ = {
			isa = PBXGroup;
			children = (
			);
			path = View;
			sourceTree = "<group>";
		};
		009F781C29DD156B00A54837 /* Model */ = {
			isa = PBXGroup;
			children = (
			);
			path = Model;
			sourceTree = "<group>";
		};
		009F781D29DD157500A54837 /* EntryModule */ = {
			isa = PBXGroup;
			children = (
				009F782029DD158B00A54837 /* Model */,
				009F781F29DD158600A54837 /* View */,
				009F781E29DD157E00A54837 /* ViewModel */,
			);
			path = EntryModule;
			sourceTree = "<group>";
		};
		009F781E29DD157E00A54837 /* ViewModel */ = {
			isa = PBXGroup;
			children = (
			);
			path = ViewModel;
			sourceTree = "<group>";
		};
		009F781F29DD158600A54837 /* View */ = {
			isa = PBXGroup;
			children = (
			);
			path = View;
			sourceTree = "<group>";
		};
		009F782029DD158B00A54837 /* Model */ = {
			isa = PBXGroup;
			children = (
			);
			path = Model;
			sourceTree = "<group>";
		};
/* End PBXGroup section */

/* Begin PBXNativeTarget section */
		009F780029DD0E2200A54837 /* ReservationApp */ = {
			isa = PBXNativeTarget;
			buildConfigurationList = 009F781529DD0E2700A54837 /* Build configuration list for PBXNativeTarget "ReservationApp" */;
			buildPhases = (
				009F77FD29DD0E2200A54837 /* Sources */,
				009F77FE29DD0E2200A54837 /* Frameworks */,
				009F77FF29DD0E2200A54837 /* Resources */,
			);
			buildRules = (
			);
			dependencies = (
			);
			name = ReservationApp;
			productName = ReservationApp;
			productReference = 009F780129DD0E2300A54837 /* ReservationApp.app */;
			productType = "com.apple.product-type.application";
		};
/* End PBXNativeTarget section */

/* Begin PBXProject section */
		009F77F929DD0E2200A54837 /* Project object */ = {
			isa = PBXProject;
			attributes = {
				BuildIndependentTargetsInParallel = 1;
				LastSwiftUpdateCheck = 1340;
				LastUpgradeCheck = 1340;
				TargetAttributes = {
					009F780029DD0E2200A54837 = {
						CreatedOnToolsVersion = 13.4.1;
					};
				};
			};
			buildConfigurationList = 009F77FC29DD0E2200A54837 /* Build configuration list for PBXProject "ReservationApp" */;
			compatibilityVersion = "Xcode 13.0";
			developmentRegion = en;
			hasScannedForEncodings = 0;
			knownRegions = (
				en,
				Base,
			);
			mainGroup = 009F77F829DD0E2200A54837;
			productRefGroup = 009F780229DD0E2300A54837 /* Products */;
			projectDirPath = "";
			projectRoot = "";
			targets = (
				009F780029DD0E2200A54837 /* ReservationApp */,
			);
		};
/* End PBXProject section */

/* Begin PBXResourcesBuildPhase section */
		009F77FF29DD0E2200A54837 /* Resources */ = {
			isa = PBXResourcesBuildPhase;
			buildActionMask = 2147483647;
			files = (
				009F781129DD0E2700A54837 /* LaunchScreen.storyboard in Resources */,
				009F780E29DD0E2700A54837 /* Assets.xcassets in Resources */,
				009F780C29DD0E2300A54837 /* Main.storyboard in Resources */,
			);
			runOnlyForDeploymentPostprocessing = 0;
		};
/* End PBXResourcesBuildPhase section */

/* Begin PBXSourcesBuildPhase section */
		009F77FD29DD0E2200A54837 /* Sources */ = {
			isa = PBXSourcesBuildPhase;
			buildActionMask = 2147483647;
			files = (
				009F780929DD0E2300A54837 /* MainViewController.swift in Sources */,
				009F780529DD0E2300A54837 /* AppDelegate.swift in Sources */,
				009F780729DD0E2300A54837 /* SceneDelegate.swift in Sources */,
			);
			runOnlyForDeploymentPostprocessing = 0;
		};
/* End PBXSourcesBuildPhase section */

/* Begin PBXVariantGroup section */
		009F780A29DD0E2300A54837 /* Main.storyboard */ = {
			isa = PBXVariantGroup;
			children = (
				009F780B29DD0E2300A54837 /* Base */,
			);
			name = Main.storyboard;
			sourceTree = "<group>";
		};
		009F780F29DD0E2700A54837 /* LaunchScreen.storyboard */ = {
			isa = PBXVariantGroup;
			children = (
				009F781029DD0E2700A54837 /* Base */,
			);
			name = LaunchScreen.storyboard;
			sourceTree = "<group>";
		};
/* End PBXVariantGroup section */

/* Begin XCBuildConfiguration section */
		009F781329DD0E2700A54837 /* Debug */ = {
			isa = XCBuildConfiguration;
			buildSettings = {
				ALWAYS_SEARCH_USER_PATHS = NO;
				CLANG_ANALYZER_NONNULL = YES;
				CLANG_ANALYZER_NUMBER_OBJECT_CONVERSION = YES_AGGRESSIVE;
				CLANG_CXX_LANGUAGE_STANDARD = "gnu++17";
				CLANG_ENABLE_MODULES = YES;
				CLANG_ENABLE_OBJC_ARC = YES;
				CLANG_ENABLE_OBJC_WEAK = YES;
				CLANG_WARN_BLOCK_CAPTURE_AUTORELEASING = YES;
				CLANG_WARN_BOOL_CONVERSION = YES;
				CLANG_WARN_COMMA = YES;
				CLANG_WARN_CONSTANT_CONVERSION = YES;
				CLANG_WARN_DEPRECATED_OBJC_IMPLEMENTATIONS = YES;
				CLANG_WARN_DIRECT_OBJC_ISA_USAGE = YES_ERROR;
				CLANG_WARN_DOCUMENTATION_COMMENTS = YES;
				CLANG_WARN_EMPTY_BODY = YES;
				CLANG_WARN_ENUM_CONVERSION = YES;
				CLANG_WARN_INFINITE_RECURSION = YES;
				CLANG_WARN_INT_CONVERSION = YES;
				CLANG_WARN_NON_LITERAL_NULL_CONVERSION = YES;
				CLANG_WARN_OBJC_IMPLICIT_RETAIN_SELF = YES;
				CLANG_WARN_OBJC_LITERAL_CONVERSION = YES;
				CLANG_WARN_OBJC_ROOT_CLASS = YES_ERROR;
				CLANG_WARN_QUOTED_INCLUDE_IN_FRAMEWORK_HEADER = YES;
				CLANG_WARN_RANGE_LOOP_ANALYSIS = YES;
				CLANG_WARN_STRICT_PROTOTYPES = YES;
				CLANG_WARN_SUSPICIOUS_MOVE = YES;
				CLANG_WARN_UNGUARDED_AVAILABILITY = YES_AGGRESSIVE;
				CLANG_WARN_UNREACHABLE_CODE = YES;
				CLANG_WARN__DUPLICATE_METHOD_MATCH = YES;
				COPY_PHASE_STRIP = NO;
				DEBUG_INFORMATION_FORMAT = dwarf;
				ENABLE_STRICT_OBJC_MSGSEND = YES;
				ENABLE_TESTABILITY = YES;
				GCC_C_LANGUAGE_STANDARD = gnu11;
				GCC_DYNAMIC_NO_PIC = NO;
				GCC_NO_COMMON_BLOCKS = YES;
				GCC_OPTIMIZATION_LEVEL = 0;
				GCC_PREPROCESSOR_DEFINITIONS = (
					"DEBUG=1",
					"$(inherited)",
				);
				GCC_WARN_64_TO_32_BIT_CONVERSION = YES;
				GCC_WARN_ABOUT_RETURN_TYPE = YES_ERROR;
				GCC_WARN_UNDECLARED_SELECTOR = YES;
				GCC_WARN_UNINITIALIZED_AUTOS = YES_AGGRESSIVE;
				GCC_WARN_UNUSED_FUNCTION = YES;
				GCC_WARN_UNUSED_VARIABLE = YES;
				IPHONEOS_DEPLOYMENT_TARGET = 15.5;
				MTL_ENABLE_DEBUG_INFO = INCLUDE_SOURCE;
				MTL_FAST_MATH = YES;
				ONLY_ACTIVE_ARCH = YES;
				SDKROOT = iphoneos;
				SWIFT_ACTIVE_COMPILATION_CONDITIONS = DEBUG;
				SWIFT_OPTIMIZATION_LEVEL = "-Onone";
			};
			name = Debug;
		};
		009F781429DD0E2700A54837 /* Release */ = {
			isa = XCBuildConfiguration;
			buildSettings = {
				ALWAYS_SEARCH_USER_PATHS = NO;
				CLANG_ANALYZER_NONNULL = YES;
				CLANG_ANALYZER_NUMBER_OBJECT_CONVERSION = YES_AGGRESSIVE;
				CLANG_CXX_LANGUAGE_STANDARD = "gnu++17";
				CLANG_ENABLE_MODULES = YES;
				CLANG_ENABLE_OBJC_ARC = YES;
				CLANG_ENABLE_OBJC_WEAK = YES;
				CLANG_WARN_BLOCK_CAPTURE_AUTORELEASING = YES;
				CLANG_WARN_BOOL_CONVERSION = YES;
				CLANG_WARN_COMMA = YES;
				CLANG_WARN_CONSTANT_CONVERSION = YES;
				CLANG_WARN_DEPRECATED_OBJC_IMPLEMENTATIONS = YES;
				CLANG_WARN_DIRECT_OBJC_ISA_USAGE = YES_ERROR;
				CLANG_WARN_DOCUMENTATION_COMMENTS = YES;
				CLANG_WARN_EMPTY_BODY = YES;
				CLANG_WARN_ENUM_CONVERSION = YES;
				CLANG_WARN_INFINITE_RECURSION = YES;
				CLANG_WARN_INT_CONVERSION = YES;
				CLANG_WARN_NON_LITERAL_NULL_CONVERSION = YES;
				CLANG_WARN_OBJC_IMPLICIT_RETAIN_SELF = YES;
				CLANG_WARN_OBJC_LITERAL_CONVERSION = YES;
				CLANG_WARN_OBJC_ROOT_CLASS = YES_ERROR;
				CLANG_WARN_QUOTED_INCLUDE_IN_FRAMEWORK_HEADER = YES;
				CLANG_WARN_RANGE_LOOP_ANALYSIS = YES;
				CLANG_WARN_STRICT_PROTOTYPES = YES;
				CLANG_WARN_SUSPICIOUS_MOVE = YES;
				CLANG_WARN_UNGUARDED_AVAILABILITY = YES_AGGRESSIVE;
				CLANG_WARN_UNREACHABLE_CODE = YES;
				CLANG_WARN__DUPLICATE_METHOD_MATCH = YES;
				COPY_PHASE_STRIP = NO;
				DEBUG_INFORMATION_FORMAT = "dwarf-with-dsym";
				ENABLE_NS_ASSERTIONS = NO;
				ENABLE_STRICT_OBJC_MSGSEND = YES;
				GCC_C_LANGUAGE_STANDARD = gnu11;
				GCC_NO_COMMON_BLOCKS = YES;
				GCC_WARN_64_TO_32_BIT_CONVERSION = YES;
				GCC_WARN_ABOUT_RETURN_TYPE = YES_ERROR;
				GCC_WARN_UNDECLARED_SELECTOR = YES;
				GCC_WARN_UNINITIALIZED_AUTOS = YES_AGGRESSIVE;
				GCC_WARN_UNUSED_FUNCTION = YES;
				GCC_WARN_UNUSED_VARIABLE = YES;
				IPHONEOS_DEPLOYMENT_TARGET = 15.5;
				MTL_ENABLE_DEBUG_INFO = NO;
				MTL_FAST_MATH = YES;
				SDKROOT = iphoneos;
				SWIFT_COMPILATION_MODE = wholemodule;
				SWIFT_OPTIMIZATION_LEVEL = "-O";
				VALIDATE_PRODUCT = YES;
			};
			name = Release;
		};
		009F781629DD0E2700A54837 /* Debug */ = {
			isa = XCBuildConfiguration;
			buildSettings = {
				ASSETCATALOG_COMPILER_APPICON_NAME = AppIcon;
				ASSETCATALOG_COMPILER_GLOBAL_ACCENT_COLOR_NAME = AccentColor;
				CODE_SIGN_STYLE = Automatic;
				CURRENT_PROJECT_VERSION = 1;
				DEVELOPMENT_TEAM = X4R48ZRHCN;
				GENERATE_INFOPLIST_FILE = YES;
				INFOPLIST_FILE = ReservationApp/Info.plist;
				INFOPLIST_KEY_UIApplicationSupportsIndirectInputEvents = YES;
				INFOPLIST_KEY_UILaunchStoryboardName = LaunchScreen;
				INFOPLIST_KEY_UIMainStoryboardFile = Main;
				INFOPLIST_KEY_UISupportedInterfaceOrientations_iPad = "UIInterfaceOrientationPortrait UIInterfaceOrientationPortraitUpsideDown UIInterfaceOrientationLandscapeLeft UIInterfaceOrientationLandscapeRight";
				INFOPLIST_KEY_UISupportedInterfaceOrientations_iPhone = "UIInterfaceOrientationPortrait UIInterfaceOrientationLandscapeLeft UIInterfaceOrientationLandscapeRight";
				LD_RUNPATH_SEARCH_PATHS = (
					"$(inherited)",
					"@executable_path/Frameworks",
				);
				MARKETING_VERSION = 1.0;
				PRODUCT_BUNDLE_IDENTIFIER = kz.ReservationApp;
				PRODUCT_NAME = "$(TARGET_NAME)";
				SWIFT_EMIT_LOC_STRINGS = YES;
				SWIFT_VERSION = 5.0;
				TARGETED_DEVICE_FAMILY = "1,2";
			};
			name = Debug;
		};
		009F781729DD0E2700A54837 /* Release */ = {
			isa = XCBuildConfiguration;
			buildSettings = {
				ASSETCATALOG_COMPILER_APPICON_NAME = AppIcon;
				ASSETCATALOG_COMPILER_GLOBAL_ACCENT_COLOR_NAME = AccentColor;
				CODE_SIGN_STYLE = Automatic;
				CURRENT_PROJECT_VERSION = 1;
				DEVELOPMENT_TEAM = X4R48ZRHCN;
				GENERATE_INFOPLIST_FILE = YES;
				INFOPLIST_FILE = ReservationApp/Info.plist;
				INFOPLIST_KEY_UIApplicationSupportsIndirectInputEvents = YES;
				INFOPLIST_KEY_UILaunchStoryboardName = LaunchScreen;
				INFOPLIST_KEY_UIMainStoryboardFile = Main;
				INFOPLIST_KEY_UISupportedInterfaceOrientations_iPad = "UIInterfaceOrientationPortrait UIInterfaceOrientationPortraitUpsideDown UIInterfaceOrientationLandscapeLeft UIInterfaceOrientationLandscapeRight";
				INFOPLIST_KEY_UISupportedInterfaceOrientations_iPhone = "UIInterfaceOrientationPortrait UIInterfaceOrientationLandscapeLeft UIInterfaceOrientationLandscapeRight";
				LD_RUNPATH_SEARCH_PATHS = (
					"$(inherited)",
					"@executable_path/Frameworks",
				);
				MARKETING_VERSION = 1.0;
				PRODUCT_BUNDLE_IDENTIFIER = kz.ReservationApp;
				PRODUCT_NAME = "$(TARGET_NAME)";
				SWIFT_EMIT_LOC_STRINGS = YES;
				SWIFT_VERSION = 5.0;
				TARGETED_DEVICE_FAMILY = "1,2";
			};
			name = Release;
		};
/* End XCBuildConfiguration section */

/* Begin XCConfigurationList section */
		009F77FC29DD0E2200A54837 /* Build configuration list for PBXProject "ReservationApp" */ = {
			isa = XCConfigurationList;
			buildConfigurations = (
				009F781329DD0E2700A54837 /* Debug */,
				009F781429DD0E2700A54837 /* Release */,
			);
			defaultConfigurationIsVisible = 0;
			defaultConfigurationName = Release;
		};
		009F781529DD0E2700A54837 /* Build configuration list for PBXNativeTarget "ReservationApp" */ = {
			isa = XCConfigurationList;
			buildConfigurations = (
				009F781629DD0E2700A54837 /* Debug */,
				009F781729DD0E2700A54837 /* Release */,
			);
			defaultConfigurationIsVisible = 0;
			defaultConfigurationName = Release;
		};
/* End XCConfigurationList section */
	};
	rootObject = 009F77F929DD0E2200A54837 /* Project object */;
}
